// !$*UTF8*$!
{
	archiveVersion = 1;
	classes = {
	};
	objectVersion = 46;
	objects = {

/* Begin PBXBuildFile section */
		5DB0D6C017EFB6EE0063436F /* Foundation.framework in Frameworks */ = {isa = PBXBuildFile; fileRef = 5DB0D6BF17EFB6EE0063436F /* Foundation.framework */; };
		5DB0D6C217EFB6EE0063436F /* CoreGraphics.framework in Frameworks */ = {isa = PBXBuildFile; fileRef = 5DB0D6C117EFB6EE0063436F /* CoreGraphics.framework */; };
		5DB0D6C417EFB6EE0063436F /* UIKit.framework in Frameworks */ = {isa = PBXBuildFile; fileRef = 5DB0D6C317EFB6EE0063436F /* UIKit.framework */; };
		5DB0D6CA17EFB6EE0063436F /* InfoPlist.strings in Resources */ = {isa = PBXBuildFile; fileRef = 5DB0D6C817EFB6EE0063436F /* InfoPlist.strings */; };
		5DB0D6CC17EFB6EE0063436F /* main.m in Sources */ = {isa = PBXBuildFile; fileRef = 5DB0D6CB17EFB6EE0063436F /* main.m */; };
		5DB0D6D017EFB6EE0063436F /* AppDelegate.m in Sources */ = {isa = PBXBuildFile; fileRef = 5DB0D6CF17EFB6EE0063436F /* AppDelegate.m */; };
		5DB0D6D317EFB6EE0063436F /* Main.storyboard in Resources */ = {isa = PBXBuildFile; fileRef = 5DB0D6D117EFB6EE0063436F /* Main.storyboard */; };
		5DB0D6D617EFB6EE0063436F /* ViewController.m in Sources */ = {isa = PBXBuildFile; fileRef = 5DB0D6D517EFB6EE0063436F /* ViewController.m */; };
		5DB0D6D817EFB6EE0063436F /* Images.xcassets in Resources */ = {isa = PBXBuildFile; fileRef = 5DB0D6D717EFB6EE0063436F /* Images.xcassets */; };
		5DB0D6DF17EFB6EE0063436F /* XCTest.framework in Frameworks */ = {isa = PBXBuildFile; fileRef = 5DB0D6DE17EFB6EE0063436F /* XCTest.framework */; };
		5DB0D6E017EFB6EE0063436F /* Foundation.framework in Frameworks */ = {isa = PBXBuildFile; fileRef = 5DB0D6BF17EFB6EE0063436F /* Foundation.framework */; };
		5DB0D6E117EFB6EE0063436F /* UIKit.framework in Frameworks */ = {isa = PBXBuildFile; fileRef = 5DB0D6C317EFB6EE0063436F /* UIKit.framework */; };
		5DB0D6E917EFB6EE0063436F /* InfoPlist.strings in Resources */ = {isa = PBXBuildFile; fileRef = 5DB0D6E717EFB6EE0063436F /* InfoPlist.strings */; };
		5DB0D6EB17EFB6EE0063436F /* HelloWorldTests.m in Sources */ = {isa = PBXBuildFile; fileRef = 5DB0D6EA17EFB6EE0063436F /* HelloWorldTests.m */; };
/* End PBXBuildFile section */

/* Begin PBXContainerItemProxy section */
		5DB0D6E217EFB6EE0063436F /* PBXContainerItemProxy */ = {
			isa = PBXContainerItemProxy;
			containerPortal = 5DB0D6B417EFB6EE0063436F /* Project object */;
			proxyType = 1;
			remoteGlobalIDString = 5DB0D6BB17EFB6EE0063436F;
			remoteInfo = HelloWorld;
		};
/* End PBXContainerItemProxy section */

/* Begin PBXFileReference section */
		5DB0D6BC17EFB6EE0063436F /* HelloWorld.app */ = {isa = PBXFileReference; explicitFileType = wrapper.application; includeInIndex = 0; path = HelloWorld.app; sourceTree = BUILT_PRODUCTS_DIR; };
		5DB0D6BF17EFB6EE0063436F /* Foundation.framework */ = {isa = PBXFileReference; lastKnownFileType = wrapper.framework; name = Foundation.framework; path = System/Library/Frameworks/Foundation.framework; sourceTree = SDKROOT; };
		5DB0D6C117EFB6EE0063436F /* CoreGraphics.framework */ = {isa = PBXFileReference; lastKnownFileType = wrapper.framework; name = CoreGraphics.framework; path = System/Library/Frameworks/CoreGraphics.framework; sourceTree = SDKROOT; };
		5DB0D6C317EFB6EE0063436F /* UIKit.framework */ = {isa = PBXFileReference; lastKnownFileType = wrapper.framework; name = UIKit.framework; path = System/Library/Frameworks/UIKit.framework; sourceTree = SDKROOT; };
		5DB0D6C717EFB6EE0063436F /* HelloWorld-Info.plist */ = {isa = PBXFileReference; lastKnownFileType = text.plist.xml; path = "HelloWorld-Info.plist"; sourceTree = "<group>"; };
		5DB0D6C917EFB6EE0063436F /* en */ = {isa = PBXFileReference; lastKnownFileType = text.plist.strings; name = en; path = en.lproj/InfoPlist.strings; sourceTree = "<group>"; };
		5DB0D6CB17EFB6EE0063436F /* main.m */ = {isa = PBXFileReference; lastKnownFileType = sourcecode.c.objc; path = main.m; sourceTree = "<group>"; };
		5DB0D6CD17EFB6EE0063436F /* HelloWorld-Prefix.pch */ = {isa = PBXFileReference; lastKnownFileType = sourcecode.c.h; path = "HelloWorld-Prefix.pch"; sourceTree = "<group>"; };
		5DB0D6CE17EFB6EE0063436F /* AppDelegate.h */ = {isa = PBXFileReference; lastKnownFileType = sourcecode.c.h; path = AppDelegate.h; sourceTree = "<group>"; };
		5DB0D6CF17EFB6EE0063436F /* AppDelegate.m */ = {isa = PBXFileReference; lastKnownFileType = sourcecode.c.objc; path = AppDelegate.m; sourceTree = "<group>"; };
		5DB0D6D217EFB6EE0063436F /* Base */ = {isa = PBXFileReference; lastKnownFileType = file.storyboard; name = Base; path = Base.lproj/Main.storyboard; sourceTree = "<group>"; };
		5DB0D6D417EFB6EE0063436F /* ViewController.h */ = {isa = PBXFileReference; lastKnownFileType = sourcecode.c.h; path = ViewController.h; sourceTree = "<group>"; };
		5DB0D6D517EFB6EE0063436F /* ViewController.m */ = {isa = PBXFileReference; lastKnownFileType = sourcecode.c.objc; path = ViewController.m; sourceTree = "<group>"; };
		5DB0D6D717EFB6EE0063436F /* Images.xcassets */ = {isa = PBXFileReference; lastKnownFileType = folder.assetcatalog; path = Images.xcassets; sourceTree = "<group>"; };
		5DB0D6DD17EFB6EE0063436F /* HelloWorldTests.xctest */ = {isa = PBXFileReference; explicitFileType = wrapper.cfbundle; includeInIndex = 0; path = HelloWorldTests.xctest; sourceTree = BUILT_PRODUCTS_DIR; };
		5DB0D6DE17EFB6EE0063436F /* XCTest.framework */ = {isa = PBXFileReference; lastKnownFileType = wrapper.framework; name = XCTest.framework; path = Library/Frameworks/XCTest.framework; sourceTree = DEVELOPER_DIR; };
		5DB0D6E617EFB6EE0063436F /* HelloWorldTests-Info.plist */ = {isa = PBXFileReference; lastKnownFileType = text.plist.xml; path = "HelloWorldTests-Info.plist"; sourceTree = "<group>"; };
		5DB0D6E817EFB6EE0063436F /* en */ = {isa = PBXFileReference; lastKnownFileType = text.plist.strings; name = en; path = en.lproj/InfoPlist.strings; sourceTree = "<group>"; };
		5DB0D6EA17EFB6EE0063436F /* HelloWorldTests.m */ = {isa = PBXFileReference; lastKnownFileType = sourcecode.c.objc; path = HelloWorldTests.m; sourceTree = "<group>"; };
/* End PBXFileReference section */

/* Begin PBXFrameworksBuildPhase section */
		5DB0D6B917EFB6EE0063436F /* Frameworks */ = {
			isa = PBXFrameworksBuildPhase;
			buildActionMask = 2147483647;
			files = (
				5DB0D6C217EFB6EE0063436F /* CoreGraphics.framework in Frameworks */,
				5DB0D6C417EFB6EE0063436F /* UIKit.framework in Frameworks */,
				5DB0D6C017EFB6EE0063436F /* Foundation.framework in Frameworks */,
			);
			runOnlyForDeploymentPostprocessing = 0;
		};
		5DB0D6DA17EFB6EE0063436F /* Frameworks */ = {
			isa = PBXFrameworksBuildPhase;
			buildActionMask = 2147483647;
			files = (
				5DB0D6DF17EFB6EE0063436F /* XCTest.framework in Frameworks */,
				5DB0D6E117EFB6EE0063436F /* UIKit.framework in Frameworks */,
				5DB0D6E017EFB6EE0063436F /* Foundation.framework in Frameworks */,
			);
			runOnlyForDeploymentPostprocessing = 0;
		};
/* End PBXFrameworksBuildPhase section */

/* Begin PBXGroup section */
		5DB0D6B317EFB6EE0063436F = {
			isa = PBXGroup;
			children = (
				5DB0D6C517EFB6EE0063436F /* HelloWorld */,
				5DB0D6E417EFB6EE0063436F /* HelloWorldTests */,
				5DB0D6BE17EFB6EE0063436F /* Frameworks */,
				5DB0D6BD17EFB6EE0063436F /* Products */,
			);
			sourceTree = "<group>";
		};
		5DB0D6BD17EFB6EE0063436F /* Products */ = {
			isa = PBXGroup;
			children = (
				5DB0D6BC17EFB6EE0063436F /* HelloWorld.app */,
				5DB0D6DD17EFB6EE0063436F /* HelloWorldTests.xctest */,
			);
			name = Products;
			sourceTree = "<group>";
		};
		5DB0D6BE17EFB6EE0063436F /* Frameworks */ = {
			isa = PBXGroup;
			children = (
				5DB0D6BF17EFB6EE0063436F /* Foundation.framework */,
				5DB0D6C117EFB6EE0063436F /* CoreGraphics.framework */,
				5DB0D6C317EFB6EE0063436F /* UIKit.framework */,
				5DB0D6DE17EFB6EE0063436F /* XCTest.framework */,
			);
			name = Frameworks;
			sourceTree = "<group>";
		};
		5DB0D6C517EFB6EE0063436F /* HelloWorld */ = {
			isa = PBXGroup;
			children = (
				5DB0D6CE17EFB6EE0063436F /* AppDelegate.h */,
				5DB0D6CF17EFB6EE0063436F /* AppDelegate.m */,
				5DB0D6D117EFB6EE0063436F /* Main.storyboard */,
				5DB0D6D417EFB6EE0063436F /* ViewController.h */,
				5DB0D6D517EFB6EE0063436F /* ViewController.m */,
				5DB0D6D717EFB6EE0063436F /* Images.xcassets */,
				5DB0D6C617EFB6EE0063436F /* Supporting Files */,
			);
			path = HelloWorld;
			sourceTree = "<group>";
		};
		5DB0D6C617EFB6EE0063436F /* Supporting Files */ = {
			isa = PBXGroup;
			children = (
				5DB0D6C717EFB6EE0063436F /* HelloWorld-Info.plist */,
				5DB0D6C817EFB6EE0063436F /* InfoPlist.strings */,
				5DB0D6CB17EFB6EE0063436F /* main.m */,
				5DB0D6CD17EFB6EE0063436F /* HelloWorld-Prefix.pch */,
			);
			name = "Supporting Files";
			sourceTree = "<group>";
		};
		5DB0D6E417EFB6EE0063436F /* HelloWorldTests */ = {
			isa = PBXGroup;
			children = (
				5DB0D6EA17EFB6EE0063436F /* HelloWorldTests.m */,
				5DB0D6E517EFB6EE0063436F /* Supporting Files */,
			);
			path = HelloWorldTests;
			sourceTree = "<group>";
		};
		5DB0D6E517EFB6EE0063436F /* Supporting Files */ = {
			isa = PBXGroup;
			children = (
				5DB0D6E617EFB6EE0063436F /* HelloWorldTests-Info.plist */,
				5DB0D6E717EFB6EE0063436F /* InfoPlist.strings */,
			);
			name = "Supporting Files";
			sourceTree = "<group>";
		};
/* End PBXGroup section */

/* Begin PBXNativeTarget section */
		5DB0D6BB17EFB6EE0063436F /* HelloWorld */ = {
			isa = PBXNativeTarget;
			buildConfigurationList = 5DB0D6EE17EFB6EE0063436F /* Build configuration list for PBXNativeTarget "HelloWorld" */;
			buildPhases = (
				5DB0D6B817EFB6EE0063436F /* Sources */,
				5DB0D6B917EFB6EE0063436F /* Frameworks */,
				5DB0D6BA17EFB6EE0063436F /* Resources */,
			);
			buildRules = (
			);
			dependencies = (
			);
			name = HelloWorld;
			productName = HelloWorld;
			productReference = 5DB0D6BC17EFB6EE0063436F /* HelloWorld.app */;
			productType = "com.apple.product-type.application";
		};
		5DB0D6DC17EFB6EE0063436F /* HelloWorldTests */ = {
			isa = PBXNativeTarget;
			buildConfigurationList = 5DB0D6F117EFB6EE0063436F /* Build configuration list for PBXNativeTarget "HelloWorldTests" */;
			buildPhases = (
				5DB0D6D917EFB6EE0063436F /* Sources */,
				5DB0D6DA17EFB6EE0063436F /* Frameworks */,
				5DB0D6DB17EFB6EE0063436F /* Resources */,
			);
			buildRules = (
			);
			dependencies = (
				5DB0D6E317EFB6EE0063436F /* PBXTargetDependency */,
			);
			name = HelloWorldTests;
			productName = HelloWorldTests;
			productReference = 5DB0D6DD17EFB6EE0063436F /* HelloWorldTests.xctest */;
			productType = "com.apple.product-type.bundle.unit-test";
		};
/* End PBXNativeTarget section */

/* Begin PBXProject section */
		5DB0D6B417EFB6EE0063436F /* Project object */ = {
			isa = PBXProject;
			attributes = {
				LastUpgradeCheck = 0500;
				ORGANIZATIONNAME = "Learning iOS Development";
				TargetAttributes = {
					5DB0D6DC17EFB6EE0063436F = {
						TestTargetID = 5DB0D6BB17EFB6EE0063436F;
					};
				};
			};
			buildConfigurationList = 5DB0D6B717EFB6EE0063436F /* Build configuration list for PBXProject "HelloWorld" */;
			compatibilityVersion = "Xcode 3.2";
			developmentRegion = English;
			hasScannedForEncodings = 0;
			knownRegions = (
				en,
				Base,
			);
			mainGroup = 5DB0D6B317EFB6EE0063436F;
			productRefGroup = 5DB0D6BD17EFB6EE0063436F /* Products */;
			projectDirPath = "";
			projectRoot = "";
			targets = (
				5DB0D6BB17EFB6EE0063436F /* HelloWorld */,
				5DB0D6DC17EFB6EE0063436F /* HelloWorldTests */,
			);
		};
/* End PBXProject section */

/* Begin PBXResourcesBuildPhase section */
		5DB0D6BA17EFB6EE0063436F /* Resources */ = {
			isa = PBXResourcesBuildPhase;
			buildActionMask = 2147483647;
			files = (
				5DB0D6D817EFB6EE0063436F /* Images.xcassets in Resources */,
				5DB0D6CA17EFB6EE0063436F /* InfoPlist.strings in Resources */,
				5DB0D6D317EFB6EE0063436F /* Main.storyboard in Resources */,
			);
			runOnlyForDeploymentPostprocessing = 0;
		};
		5DB0D6DB17EFB6EE0063436F /* Resources */ = {
			isa = PBXResourcesBuildPhase;
			buildActionMask = 2147483647;
			files = (
				5DB0D6E917EFB6EE0063436F /* InfoPlist.strings in Resources */,
			);
			runOnlyForDeploymentPostprocessing = 0;
		};
/* End PBXResourcesBuildPhase section */

/* Begin PBXSourcesBuildPhase section */
		5DB0D6B817EFB6EE0063436F /* Sources */ = {
			isa = PBXSourcesBuildPhase;
			buildActionMask = 2147483647;
			files = (
				5DB0D6D617EFB6EE0063436F /* ViewController.m in Sources */,
				5DB0D6D017EFB6EE0063436F /* AppDelegate.m in Sources */,
				5DB0D6CC17EFB6EE0063436F /* main.m in Sources */,
			);
			runOnlyForDeploymentPostprocessing = 0;
		};
		5DB0D6D917EFB6EE0063436F /* Sources */ = {
			isa = PBXSourcesBuildPhase;
			buildActionMask = 2147483647;
			files = (
				5DB0D6EB17EFB6EE0063436F /* HelloWorldTests.m in Sources */,
			);
			runOnlyForDeploymentPostprocessing = 0;
		};
/* End PBXSourcesBuildPhase section */

/* Begin PBXTargetDependency section */
		5DB0D6E317EFB6EE0063436F /* PBXTargetDependency */ = {
			isa = PBXTargetDependency;
			target = 5DB0D6BB17EFB6EE0063436F /* HelloWorld */;
			targetProxy = 5DB0D6E217EFB6EE0063436F /* PBXContainerItemProxy */;
		};
/* End PBXTargetDependency section */

/* Begin PBXVariantGroup section */
		5DB0D6C817EFB6EE0063436F /* InfoPlist.strings */ = {
			isa = PBXVariantGroup;
			children = (
				5DB0D6C917EFB6EE0063436F /* en */,
			);
			name = InfoPlist.strings;
			sourceTree = "<group>";
		};
		5DB0D6D117EFB6EE0063436F /* Main.storyboard */ = {
			isa = PBXVariantGroup;
			children = (
				5DB0D6D217EFB6EE0063436F /* Base */,
			);
			name = Main.storyboard;
			sourceTree = "<group>";
		};
		5DB0D6E717EFB6EE0063436F /* InfoPlist.strings */ = {
			isa = PBXVariantGroup;
			children = (
				5DB0D6E817EFB6EE0063436F /* en */,
			);
			name = InfoPlist.strings;
			sourceTree = "<group>";
		};
/* End PBXVariantGroup section */

/* Begin XCBuildConfiguration section */
		5DB0D6EC17EFB6EE0063436F /* Debug */ = {
			isa = XCBuildConfiguration;
			buildSettings = {
				ALWAYS_SEARCH_USER_PATHS = NO;
				ARCHS = "$(ARCHS_STANDARD_INCLUDING_64_BIT)";
				CLANG_CXX_LANGUAGE_STANDARD = "gnu++0x";
				CLANG_CXX_LIBRARY = "libc++";
				CLANG_ENABLE_MODULES = YES;
				CLANG_ENABLE_OBJC_ARC = YES;
				CLANG_WARN_BOOL_CONVERSION = YES;
				CLANG_WARN_CONSTANT_CONVERSION = YES;
				CLANG_WARN_DIRECT_OBJC_ISA_USAGE = YES_ERROR;
				CLANG_WARN_EMPTY_BODY = YES;
				CLANG_WARN_ENUM_CONVERSION = YES;
				CLANG_WARN_INT_CONVERSION = YES;
				CLANG_WARN_OBJC_ROOT_CLASS = YES_ERROR;
				CLANG_WARN__DUPLICATE_METHOD_MATCH = YES;
				"CODE_SIGN_IDENTITY[sdk=iphoneos*]" = "iPhone Developer";
				COPY_PHASE_STRIP = NO;
				GCC_C_LANGUAGE_STANDARD = gnu99;
				GCC_DYNAMIC_NO_PIC = NO;
				GCC_OPTIMIZATION_LEVEL = 0;
				GCC_PREPROCESSOR_DEFINITIONS = (
					"DEBUG=1",
					"$(inherited)",
				);
				GCC_SYMBOLS_PRIVATE_EXTERN = NO;
				GCC_WARN_64_TO_32_BIT_CONVERSION = YES;
				GCC_WARN_ABOUT_RETURN_TYPE = YES_ERROR;
				GCC_WARN_UNDECLARED_SELECTOR = YES;
				GCC_WARN_UNINITIALIZED_AUTOS = YES;
				GCC_WARN_UNUSED_FUNCTION = YES;
				GCC_WARN_UNUSED_VARIABLE = YES;
				IPHONEOS_DEPLOYMENT_TARGET = 7.0;
				ONLY_ACTIVE_ARCH = YES;
				SDKROOT = iphoneos;
			};
			name = Debug;
		};
		5DB0D6ED17EFB6EE0063436F /* Release */ = {
			isa = XCBuildConfiguration;
			buildSettings = {
				ALWAYS_SEARCH_USER_PATHS = NO;
				ARCHS = "$(ARCHS_STANDARD_INCLUDING_64_BIT)";
				CLANG_CXX_LANGUAGE_STANDARD = "gnu++0x";
				CLANG_CXX_LIBRARY = "libc++";
				CLANG_ENABLE_MODULES = YES;
				CLANG_ENABLE_OBJC_ARC = YES;
				CLANG_WARN_BOOL_CONVERSION = YES;
				CLANG_WARN_CONSTANT_CONVERSION = YES;
				CLANG_WARN_DIRECT_OBJC_ISA_USAGE = YES_ERROR;
				CLANG_WARN_EMPTY_BODY = YES;
				CLANG_WARN_ENUM_CONVERSION = YES;
				CLANG_WARN_INT_CONVERSION = YES;
				CLANG_WARN_OBJC_ROOT_CLASS = YES_ERROR;
				CLANG_WARN__DUPLICATE_METHOD_MATCH = YES;
				"CODE_SIGN_IDENTITY[sdk=iphoneos*]" = "iPhone Developer";
				COPY_PHASE_STRIP = YES;
				ENABLE_NS_ASSERTIONS = NO;
				GCC_C_LANGUAGE_STANDARD = gnu99;
				GCC_WARN_64_TO_32_BIT_CONVERSION = YES;
				GCC_WARN_ABOUT_RETURN_TYPE = YES_ERROR;
				GCC_WARN_UNDECLARED_SELECTOR = YES;
				GCC_WARN_UNINITIALIZED_AUTOS = YES;
				GCC_WARN_UNUSED_FUNCTION = YES;
				GCC_WARN_UNUSED_VARIABLE = YES;
				IPHONEOS_DEPLOYMENT_TARGET = 7.0;
				SDKROOT = iphoneos;
				VALIDATE_PRODUCT = YES;
			};
			name = Release;
		};
		5DB0D6EF17EFB6EE0063436F /* Debug */ = {
			isa = XCBuildConfiguration;
			buildSettings = {
				ASSETCATALOG_COMPILER_APPICON_NAME = AppIcon;
				ASSETCATALOG_COMPILER_LAUNCHIMAGE_NAME = LaunchImage;
				GCC_PRECOMPILE_PREFIX_HEADER = YES;
				GCC_PREFIX_HEADER = "HelloWorld/HelloWorld-Prefix.pch";
				INFOPLIST_FILE = "HelloWorld/HelloWorld-Info.plist";
				PRODUCT_NAME = "$(TARGET_NAME)";
				WRAPPER_EXTENSION = app;
			};
			name = Debug;
		};
		5DB0D6F017EFB6EE0063436F /* Release */ = {
			isa = XCBuildConfiguration;
			buildSettings = {
				ASSETCATALOG_COMPILER_APPICON_NAME = AppIcon;
				ASSETCATALOG_COMPILER_LAUNCHIMAGE_NAME = LaunchImage;
				GCC_PRECOMPILE_PREFIX_HEADER = YES;
				GCC_PREFIX_HEADER = "HelloWorld/HelloWorld-Prefix.pch";
				INFOPLIST_FILE = "HelloWorld/HelloWorld-Info.plist";
				PRODUCT_NAME = "$(TARGET_NAME)";
				WRAPPER_EXTENSION = app;
			};
			name = Release;
		};
		5DB0D6F217EFB6EE0063436F /* Debug */ = {
			isa = XCBuildConfiguration;
			buildSettings = {
				ARCHS = "$(ARCHS_STANDARD_INCLUDING_64_BIT)";
				BUNDLE_LOADER = "$(BUILT_PRODUCTS_DIR)/HelloWorld.app/HelloWorld";
				FRAMEWORK_SEARCH_PATHS = (
					"$(SDKROOT)/Developer/Library/Frameworks",
					"$(inherited)",
					"$(DEVELOPER_FRAMEWORKS_DIR)",
				);
				GCC_PRECOMPILE_PREFIX_HEADER = YES;
				GCC_PREFIX_HEADER = "HelloWorld/HelloWorld-Prefix.pch";
				GCC_PREPROCESSOR_DEFINITIONS = (
					"DEBUG=1",
					"$(inherited)",
				);
				INFOPLIST_FILE = "HelloWorldTests/HelloWorldTests-Info.plist";
				PRODUCT_NAME = "$(TARGET_NAME)";
				TEST_HOST = "$(BUNDLE_LOADER)";
				WRAPPER_EXTENSION = xctest;
			};
			name = Debug;
		};
		5DB0D6F317EFB6EE0063436F /* Release */ = {
			isa = XCBuildConfiguration;
			buildSettings = {
				ARCHS = "$(ARCHS_STANDARD_INCLUDING_64_BIT)";
				BUNDLE_LOADER = "$(BUILT_PRODUCTS_DIR)/HelloWorld.app/HelloWorld";
				FRAMEWORK_SEARCH_PATHS = (
					"$(SDKROOT)/Developer/Library/Frameworks",
					"$(inherited)",
					"$(DEVELOPER_FRAMEWORKS_DIR)",
				);
				GCC_PRECOMPILE_PREFIX_HEADER = YES;
				GCC_PREFIX_HEADER = "HelloWorld/HelloWorld-Prefix.pch";
				INFOPLIST_FILE = "HelloWorldTests/HelloWorldTests-Info.plist";
				PRODUCT_NAME = "$(TARGET_NAME)";
				TEST_HOST = "$(BUNDLE_LOADER)";
				WRAPPER_EXTENSION = xctest;
			};
			name = Release;
		};
/* End XCBuildConfiguration section */

/* Begin XCConfigurationList section */
		5DB0D6B717EFB6EE0063436F /* Build configuration list for PBXProject "HelloWorld" */ = {
			isa = XCConfigurationList;
			buildConfigurations = (
				5DB0D6EC17EFB6EE0063436F /* Debug */,
				5DB0D6ED17EFB6EE0063436F /* Release */,
			);
			defaultConfigurationIsVisible = 0;
			defaultConfigurationName = Release;
		};
		5DB0D6EE17EFB6EE0063436F /* Build configuration list for PBXNativeTarget "HelloWorld" */ = {
			isa = XCConfigurationList;
			buildConfigurations = (
				5DB0D6EF17EFB6EE0063436F /* Debug */,
				5DB0D6F017EFB6EE0063436F /* Release */,
			);
			defaultConfigurationIsVisible = 0;
		};
		5DB0D6F117EFB6EE0063436F /* Build configuration list for PBXNativeTarget "HelloWorldTests" */ = {
			isa = XCConfigurationList;
			buildConfigurations = (
				5DB0D6F217EFB6EE0063436F /* Debug */,
				5DB0D6F317EFB6EE0063436F /* Release */,
			);
			defaultConfigurationIsVisible = 0;
		};
/* End XCConfigurationList section */
	};
	rootObject = 5DB0D6B417EFB6EE0063436F /* Project object */;
}
