// !$*UTF8*$!
{
	archiveVersion = 1;
	classes = {
	};
	objectVersion = 46;
	objects = {

/* Begin PBXBuildFile section */
		5D3C093017F2988900CC11EE /* Acura-16.jpg in Resources */ = {isa = PBXBuildFile; fileRef = 5D3C092517F2988900CC11EE /* Acura-16.jpg */; };
		5D3C093117F2988900CC11EE /* BMW-11.jpg in Resources */ = {isa = PBXBuildFile; fileRef = 5D3C092617F2988900CC11EE /* BMW-11.jpg */; };
		5D3C093217F2988900CC11EE /* BMW-13.jpg in Resources */ = {isa = PBXBuildFile; fileRef = 5D3C092717F2988900CC11EE /* BMW-13.jpg */; };
		5D3C093317F2988900CC11EE /* Cadillac-13.jpg in Resources */ = {isa = PBXBuildFile; fileRef = 5D3C092817F2988900CC11EE /* Cadillac-13.jpg */; };
		5D3C093417F2988900CC11EE /* Car-39.jpg in Resources */ = {isa = PBXBuildFile; fileRef = 5D3C092917F2988900CC11EE /* Car-39.jpg */; };
		5D3C093517F2988900CC11EE /* Lexus-15.jpg in Resources */ = {isa = PBXBuildFile; fileRef = 5D3C092A17F2988900CC11EE /* Lexus-15.jpg */; };
		5D3C093617F2988900CC11EE /* Mercedes Benz-106.jpg in Resources */ = {isa = PBXBuildFile; fileRef = 5D3C092B17F2988900CC11EE /* Mercedes Benz-106.jpg */; };
		5D3C093717F2988900CC11EE /* Mini-11.jpg in Resources */ = {isa = PBXBuildFile; fileRef = 5D3C092C17F2988900CC11EE /* Mini-11.jpg */; };
		5D3C093817F2988900CC11EE /* Nissan Leaf-4.jpg in Resources */ = {isa = PBXBuildFile; fileRef = 5D3C092D17F2988900CC11EE /* Nissan Leaf-4.jpg */; };
		5D3C093917F2988900CC11EE /* Nissan Maxima-2.jpg in Resources */ = {isa = PBXBuildFile; fileRef = 5D3C092E17F2988900CC11EE /* Nissan Maxima-2.jpg */; };
		5D3C093A17F2988900CC11EE /* Tractor-1.jpg in Resources */ = {isa = PBXBuildFile; fileRef = 5D3C092F17F2988900CC11EE /* Tractor-1.jpg */; };
		5D3C093E17F298B700CC11EE /* CarImageViewController.m in Sources */ = {isa = PBXBuildFile; fileRef = 5D3C093C17F298B700CC11EE /* CarImageViewController.m */; };
		5D3C093F17F298B700CC11EE /* CarImageViewController.xib in Resources */ = {isa = PBXBuildFile; fileRef = 5D3C093D17F298B700CC11EE /* CarImageViewController.xib */; };
		5D98DE8217F1482400C46D3A /* Localizable.strings in Resources */ = {isa = PBXBuildFile; fileRef = 5D98DE8017F1482400C46D3A /* Localizable.strings */; };
		5DB0D70117EFB8B90063436F /* Foundation.framework in Frameworks */ = {isa = PBXBuildFile; fileRef = 5DB0D70017EFB8B90063436F /* Foundation.framework */; };
		5DB0D70317EFB8B90063436F /* CoreGraphics.framework in Frameworks */ = {isa = PBXBuildFile; fileRef = 5DB0D70217EFB8B90063436F /* CoreGraphics.framework */; };
		5DB0D70517EFB8B90063436F /* UIKit.framework in Frameworks */ = {isa = PBXBuildFile; fileRef = 5DB0D70417EFB8B90063436F /* UIKit.framework */; };
		5DB0D70B17EFB8B90063436F /* InfoPlist.strings in Resources */ = {isa = PBXBuildFile; fileRef = 5DB0D70917EFB8B90063436F /* InfoPlist.strings */; };
		5DB0D70D17EFB8B90063436F /* main.m in Sources */ = {isa = PBXBuildFile; fileRef = 5DB0D70C17EFB8B90063436F /* main.m */; };
		5DB0D71117EFB8B90063436F /* AppDelegate.m in Sources */ = {isa = PBXBuildFile; fileRef = 5DB0D71017EFB8B90063436F /* AppDelegate.m */; };
		5DB0D71417EFB8B90063436F /* Main_iPhone.storyboard in Resources */ = {isa = PBXBuildFile; fileRef = 5DB0D71217EFB8B90063436F /* Main_iPhone.storyboard */; };
		5DB0D71717EFB8B90063436F /* Main_iPad.storyboard in Resources */ = {isa = PBXBuildFile; fileRef = 5DB0D71517EFB8B90063436F /* Main_iPad.storyboard */; };
		5DB0D71A17EFB8B90063436F /* ViewController.m in Sources */ = {isa = PBXBuildFile; fileRef = 5DB0D71917EFB8B90063436F /* ViewController.m */; };
		5DB0D71C17EFB8B90063436F /* Images.xcassets in Resources */ = {isa = PBXBuildFile; fileRef = 5DB0D71B17EFB8B90063436F /* Images.xcassets */; };
		5DB0D72317EFB8B90063436F /* XCTest.framework in Frameworks */ = {isa = PBXBuildFile; fileRef = 5DB0D72217EFB8B90063436F /* XCTest.framework */; };
		5DB0D72417EFB8B90063436F /* Foundation.framework in Frameworks */ = {isa = PBXBuildFile; fileRef = 5DB0D70017EFB8B90063436F /* Foundation.framework */; };
		5DB0D72517EFB8B90063436F /* UIKit.framework in Frameworks */ = {isa = PBXBuildFile; fileRef = 5DB0D70417EFB8B90063436F /* UIKit.framework */; };
		5DB0D72D17EFB8B90063436F /* InfoPlist.strings in Resources */ = {isa = PBXBuildFile; fileRef = 5DB0D72B17EFB8B90063436F /* InfoPlist.strings */; };
		5DB0D72F17EFB8B90063436F /* CarValetTests.m in Sources */ = {isa = PBXBuildFile; fileRef = 5DB0D72E17EFB8B90063436F /* CarValetTests.m */; };
		5DB0D73A17EFB9730063436F /* Car.m in Sources */ = {isa = PBXBuildFile; fileRef = 5DB0D73917EFB9730063436F /* Car.m */; };
		5DB0D74017EFCD350063436F /* CarEditViewController.m in Sources */ = {isa = PBXBuildFile; fileRef = 5DB0D73F17EFCD350063436F /* CarEditViewController.m */; };
/* End PBXBuildFile section */

/* Begin PBXContainerItemProxy section */
		5DB0D72617EFB8B90063436F /* PBXContainerItemProxy */ = {
			isa = PBXContainerItemProxy;
			containerPortal = 5DB0D6F517EFB8B90063436F /* Project object */;
			proxyType = 1;
			remoteGlobalIDString = 5DB0D6FC17EFB8B90063436F;
			remoteInfo = CarValet;
		};
/* End PBXContainerItemProxy section */

/* Begin PBXFileReference section */
		5D0801F317F1E4B500E2FC97 /* de */ = {isa = PBXFileReference; lastKnownFileType = text.plist.strings; name = de; path = de.lproj/Localizable.strings; sourceTree = "<group>"; };
		5D0801F417F1E4EE00E2FC97 /* de */ = {isa = PBXFileReference; lastKnownFileType = text.plist.strings; name = de; path = de.lproj/InfoPlist.strings; sourceTree = "<group>"; };
		5D3C092217F2662D00CC11EE /* ar */ = {isa = PBXFileReference; lastKnownFileType = text.plist.strings; name = ar; path = ar.lproj/Localizable.strings; sourceTree = "<group>"; };
		5D3C092317F2662D00CC11EE /* ar */ = {isa = PBXFileReference; lastKnownFileType = text.plist.strings; name = ar; path = ar.lproj/InfoPlist.strings; sourceTree = "<group>"; };
		5D3C092517F2988900CC11EE /* Acura-16.jpg */ = {isa = PBXFileReference; lastKnownFileType = image.jpeg; path = "Acura-16.jpg"; sourceTree = "<group>"; };
		5D3C092617F2988900CC11EE /* BMW-11.jpg */ = {isa = PBXFileReference; lastKnownFileType = image.jpeg; path = "BMW-11.jpg"; sourceTree = "<group>"; };
		5D3C092717F2988900CC11EE /* BMW-13.jpg */ = {isa = PBXFileReference; lastKnownFileType = image.jpeg; path = "BMW-13.jpg"; sourceTree = "<group>"; };
		5D3C092817F2988900CC11EE /* Cadillac-13.jpg */ = {isa = PBXFileReference; lastKnownFileType = image.jpeg; path = "Cadillac-13.jpg"; sourceTree = "<group>"; };
		5D3C092917F2988900CC11EE /* Car-39.jpg */ = {isa = PBXFileReference; lastKnownFileType = image.jpeg; path = "Car-39.jpg"; sourceTree = "<group>"; };
		5D3C092A17F2988900CC11EE /* Lexus-15.jpg */ = {isa = PBXFileReference; lastKnownFileType = image.jpeg; path = "Lexus-15.jpg"; sourceTree = "<group>"; };
		5D3C092B17F2988900CC11EE /* Mercedes Benz-106.jpg */ = {isa = PBXFileReference; lastKnownFileType = image.jpeg; path = "Mercedes Benz-106.jpg"; sourceTree = "<group>"; };
		5D3C092C17F2988900CC11EE /* Mini-11.jpg */ = {isa = PBXFileReference; lastKnownFileType = image.jpeg; path = "Mini-11.jpg"; sourceTree = "<group>"; };
		5D3C092D17F2988900CC11EE /* Nissan Leaf-4.jpg */ = {isa = PBXFileReference; lastKnownFileType = image.jpeg; path = "Nissan Leaf-4.jpg"; sourceTree = "<group>"; };
		5D3C092E17F2988900CC11EE /* Nissan Maxima-2.jpg */ = {isa = PBXFileReference; lastKnownFileType = image.jpeg; path = "Nissan Maxima-2.jpg"; sourceTree = "<group>"; };
		5D3C092F17F2988900CC11EE /* Tractor-1.jpg */ = {isa = PBXFileReference; lastKnownFileType = image.jpeg; path = "Tractor-1.jpg"; sourceTree = "<group>"; };
		5D3C093B17F298B700CC11EE /* CarImageViewController.h */ = {isa = PBXFileReference; fileEncoding = 4; lastKnownFileType = sourcecode.c.h; path = CarImageViewController.h; sourceTree = "<group>"; };
		5D3C093C17F298B700CC11EE /* CarImageViewController.m */ = {isa = PBXFileReference; fileEncoding = 4; lastKnownFileType = sourcecode.c.objc; path = CarImageViewController.m; sourceTree = "<group>"; };
		5D3C093D17F298B700CC11EE /* CarImageViewController.xib */ = {isa = PBXFileReference; fileEncoding = 4; lastKnownFileType = file.xib; path = CarImageViewController.xib; sourceTree = "<group>"; };
		5D98DE8117F1482400C46D3A /* Base */ = {isa = PBXFileReference; lastKnownFileType = text.plist.strings; name = Base; path = Base.lproj/Localizable.strings; sourceTree = "<group>"; };
		5DB0D6FD17EFB8B90063436F /* CarValet.app */ = {isa = PBXFileReference; explicitFileType = wrapper.application; includeInIndex = 0; path = CarValet.app; sourceTree = BUILT_PRODUCTS_DIR; };
		5DB0D70017EFB8B90063436F /* Foundation.framework */ = {isa = PBXFileReference; lastKnownFileType = wrapper.framework; name = Foundation.framework; path = System/Library/Frameworks/Foundation.framework; sourceTree = SDKROOT; };
		5DB0D70217EFB8B90063436F /* CoreGraphics.framework */ = {isa = PBXFileReference; lastKnownFileType = wrapper.framework; name = CoreGraphics.framework; path = System/Library/Frameworks/CoreGraphics.framework; sourceTree = SDKROOT; };
		5DB0D70417EFB8B90063436F /* UIKit.framework */ = {isa = PBXFileReference; lastKnownFileType = wrapper.framework; name = UIKit.framework; path = System/Library/Frameworks/UIKit.framework; sourceTree = SDKROOT; };
		5DB0D70817EFB8B90063436F /* CarValet-Info.plist */ = {isa = PBXFileReference; lastKnownFileType = text.plist.xml; path = "CarValet-Info.plist"; sourceTree = "<group>"; };
		5DB0D70A17EFB8B90063436F /* en */ = {isa = PBXFileReference; lastKnownFileType = text.plist.strings; name = en; path = en.lproj/InfoPlist.strings; sourceTree = "<group>"; };
		5DB0D70C17EFB8B90063436F /* main.m */ = {isa = PBXFileReference; lastKnownFileType = sourcecode.c.objc; path = main.m; sourceTree = "<group>"; };
		5DB0D70E17EFB8B90063436F /* CarValet-Prefix.pch */ = {isa = PBXFileReference; lastKnownFileType = sourcecode.c.h; path = "CarValet-Prefix.pch"; sourceTree = "<group>"; };
		5DB0D70F17EFB8B90063436F /* AppDelegate.h */ = {isa = PBXFileReference; lastKnownFileType = sourcecode.c.h; path = AppDelegate.h; sourceTree = "<group>"; };
		5DB0D71017EFB8B90063436F /* AppDelegate.m */ = {isa = PBXFileReference; lastKnownFileType = sourcecode.c.objc; path = AppDelegate.m; sourceTree = "<group>"; };
		5DB0D71317EFB8B90063436F /* Base */ = {isa = PBXFileReference; lastKnownFileType = file.storyboard; name = Base; path = Base.lproj/Main_iPhone.storyboard; sourceTree = "<group>"; };
		5DB0D71617EFB8B90063436F /* Base */ = {isa = PBXFileReference; lastKnownFileType = file.storyboard; name = Base; path = Base.lproj/Main_iPad.storyboard; sourceTree = "<group>"; };
		5DB0D71817EFB8B90063436F /* ViewController.h */ = {isa = PBXFileReference; lastKnownFileType = sourcecode.c.h; path = ViewController.h; sourceTree = "<group>"; };
		5DB0D71917EFB8B90063436F /* ViewController.m */ = {isa = PBXFileReference; lastKnownFileType = sourcecode.c.objc; path = ViewController.m; sourceTree = "<group>"; };
		5DB0D71B17EFB8B90063436F /* Images.xcassets */ = {isa = PBXFileReference; lastKnownFileType = folder.assetcatalog; path = Images.xcassets; sourceTree = "<group>"; };
		5DB0D72117EFB8B90063436F /* CarValetTests.xctest */ = {isa = PBXFileReference; explicitFileType = wrapper.cfbundle; includeInIndex = 0; path = CarValetTests.xctest; sourceTree = BUILT_PRODUCTS_DIR; };
		5DB0D72217EFB8B90063436F /* XCTest.framework */ = {isa = PBXFileReference; lastKnownFileType = wrapper.framework; name = XCTest.framework; path = Library/Frameworks/XCTest.framework; sourceTree = DEVELOPER_DIR; };
		5DB0D72A17EFB8B90063436F /* CarValetTests-Info.plist */ = {isa = PBXFileReference; lastKnownFileType = text.plist.xml; path = "CarValetTests-Info.plist"; sourceTree = "<group>"; };
		5DB0D72C17EFB8B90063436F /* en */ = {isa = PBXFileReference; lastKnownFileType = text.plist.strings; name = en; path = en.lproj/InfoPlist.strings; sourceTree = "<group>"; };
		5DB0D72E17EFB8B90063436F /* CarValetTests.m */ = {isa = PBXFileReference; lastKnownFileType = sourcecode.c.objc; path = CarValetTests.m; sourceTree = "<group>"; };
		5DB0D73817EFB9730063436F /* Car.h */ = {isa = PBXFileReference; fileEncoding = 4; lastKnownFileType = sourcecode.c.h; path = Car.h; sourceTree = "<group>"; };
		5DB0D73917EFB9730063436F /* Car.m */ = {isa = PBXFileReference; fileEncoding = 4; lastKnownFileType = sourcecode.c.objc; path = Car.m; sourceTree = "<group>"; };
		5DB0D73E17EFCD350063436F /* CarEditViewController.h */ = {isa = PBXFileReference; fileEncoding = 4; lastKnownFileType = sourcecode.c.h; path = CarEditViewController.h; sourceTree = "<group>"; };
		5DB0D73F17EFCD350063436F /* CarEditViewController.m */ = {isa = PBXFileReference; fileEncoding = 4; lastKnownFileType = sourcecode.c.objc; path = CarEditViewController.m; sourceTree = "<group>"; };
		5DB0D74117EFE5560063436F /* CarEditViewControllerProtocol.h */ = {isa = PBXFileReference; fileEncoding = 4; lastKnownFileType = sourcecode.c.h; path = CarEditViewControllerProtocol.h; sourceTree = "<group>"; };
/* End PBXFileReference section */

/* Begin PBXFrameworksBuildPhase section */
		5DB0D6FA17EFB8B90063436F /* Frameworks */ = {
			isa = PBXFrameworksBuildPhase;
			buildActionMask = 2147483647;
			files = (
				5DB0D70317EFB8B90063436F /* CoreGraphics.framework in Frameworks */,
				5DB0D70517EFB8B90063436F /* UIKit.framework in Frameworks */,
				5DB0D70117EFB8B90063436F /* Foundation.framework in Frameworks */,
			);
			runOnlyForDeploymentPostprocessing = 0;
		};
		5DB0D71E17EFB8B90063436F /* Frameworks */ = {
			isa = PBXFrameworksBuildPhase;
			buildActionMask = 2147483647;
			files = (
				5DB0D72317EFB8B90063436F /* XCTest.framework in Frameworks */,
				5DB0D72517EFB8B90063436F /* UIKit.framework in Frameworks */,
				5DB0D72417EFB8B90063436F /* Foundation.framework in Frameworks */,
			);
			runOnlyForDeploymentPostprocessing = 0;
		};
/* End PBXFrameworksBuildPhase section */

/* Begin PBXGroup section */
		5D3C092417F2988900CC11EE /* CH06 Assets CarImages */ = {
			isa = PBXGroup;
			children = (
				5D3C092517F2988900CC11EE /* Acura-16.jpg */,
				5D3C092617F2988900CC11EE /* BMW-11.jpg */,
				5D3C092717F2988900CC11EE /* BMW-13.jpg */,
				5D3C092817F2988900CC11EE /* Cadillac-13.jpg */,
				5D3C092917F2988900CC11EE /* Car-39.jpg */,
				5D3C092A17F2988900CC11EE /* Lexus-15.jpg */,
				5D3C092B17F2988900CC11EE /* Mercedes Benz-106.jpg */,
				5D3C092C17F2988900CC11EE /* Mini-11.jpg */,
				5D3C092D17F2988900CC11EE /* Nissan Leaf-4.jpg */,
				5D3C092E17F2988900CC11EE /* Nissan Maxima-2.jpg */,
				5D3C092F17F2988900CC11EE /* Tractor-1.jpg */,
			);
			name = "CH06 Assets CarImages";
			path = "Base.lproj/CH06 Assets CarImages";
			sourceTree = "<group>";
		};
		5DB0D6F417EFB8B90063436F = {
			isa = PBXGroup;
			children = (
				5DB0D70617EFB8B90063436F /* CarValet */,
				5DB0D72817EFB8B90063436F /* CarValetTests */,
				5DB0D6FF17EFB8B90063436F /* Frameworks */,
				5DB0D6FE17EFB8B90063436F /* Products */,
			);
			sourceTree = "<group>";
		};
		5DB0D6FE17EFB8B90063436F /* Products */ = {
			isa = PBXGroup;
			children = (
				5DB0D6FD17EFB8B90063436F /* CarValet.app */,
				5DB0D72117EFB8B90063436F /* CarValetTests.xctest */,
			);
			name = Products;
			sourceTree = "<group>";
		};
		5DB0D6FF17EFB8B90063436F /* Frameworks */ = {
			isa = PBXGroup;
			children = (
				5DB0D70017EFB8B90063436F /* Foundation.framework */,
				5DB0D70217EFB8B90063436F /* CoreGraphics.framework */,
				5DB0D70417EFB8B90063436F /* UIKit.framework */,
				5DB0D72217EFB8B90063436F /* XCTest.framework */,
			);
			name = Frameworks;
			sourceTree = "<group>";
		};
		5DB0D70617EFB8B90063436F /* CarValet */ = {
			isa = PBXGroup;
			children = (
				5DB0D70F17EFB8B90063436F /* AppDelegate.h */,
				5DB0D71017EFB8B90063436F /* AppDelegate.m */,
				5DB0D71217EFB8B90063436F /* Main_iPhone.storyboard */,
				5DB0D71517EFB8B90063436F /* Main_iPad.storyboard */,
				5DB0D71817EFB8B90063436F /* ViewController.h */,
				5DB0D71917EFB8B90063436F /* ViewController.m */,
				5DB0D73E17EFCD350063436F /* CarEditViewController.h */,
				5DB0D73F17EFCD350063436F /* CarEditViewController.m */,
				5DB0D74117EFE5560063436F /* CarEditViewControllerProtocol.h */,
				5D3C093B17F298B700CC11EE /* CarImageViewController.h */,
				5D3C093C17F298B700CC11EE /* CarImageViewController.m */,
				5D3C093D17F298B700CC11EE /* CarImageViewController.xib */,
				5DB0D71B17EFB8B90063436F /* Images.xcassets */,
				5DB0D70717EFB8B90063436F /* Supporting Files */,
				5DB0D73817EFB9730063436F /* Car.h */,
				5DB0D73917EFB9730063436F /* Car.m */,
			);
			path = CarValet;
			sourceTree = "<group>";
		};
		5DB0D70717EFB8B90063436F /* Supporting Files */ = {
			isa = PBXGroup;
			children = (
				5D3C092417F2988900CC11EE /* CH06 Assets CarImages */,
				5D98DE8017F1482400C46D3A /* Localizable.strings */,
				5DB0D70817EFB8B90063436F /* CarValet-Info.plist */,
				5DB0D70917EFB8B90063436F /* InfoPlist.strings */,
				5DB0D70C17EFB8B90063436F /* main.m */,
				5DB0D70E17EFB8B90063436F /* CarValet-Prefix.pch */,
			);
			name = "Supporting Files";
			sourceTree = "<group>";
		};
		5DB0D72817EFB8B90063436F /* CarValetTests */ = {
			isa = PBXGroup;
			children = (
				5DB0D72E17EFB8B90063436F /* CarValetTests.m */,
				5DB0D72917EFB8B90063436F /* Supporting Files */,
			);
			path = CarValetTests;
			sourceTree = "<group>";
		};
		5DB0D72917EFB8B90063436F /* Supporting Files */ = {
			isa = PBXGroup;
			children = (
				5DB0D72A17EFB8B90063436F /* CarValetTests-Info.plist */,
				5DB0D72B17EFB8B90063436F /* InfoPlist.strings */,
			);
			name = "Supporting Files";
			sourceTree = "<group>";
		};
/* End PBXGroup section */

/* Begin PBXNativeTarget section */
		5DB0D6FC17EFB8B90063436F /* CarValet */ = {
			isa = PBXNativeTarget;
			buildConfigurationList = 5DB0D73217EFB8B90063436F /* Build configuration list for PBXNativeTarget "CarValet" */;
			buildPhases = (
				5DB0D6F917EFB8B90063436F /* Sources */,
				5DB0D6FA17EFB8B90063436F /* Frameworks */,
				5DB0D6FB17EFB8B90063436F /* Resources */,
			);
			buildRules = (
			);
			dependencies = (
			);
			name = CarValet;
			productName = CarValet;
			productReference = 5DB0D6FD17EFB8B90063436F /* CarValet.app */;
			productType = "com.apple.product-type.application";
		};
		5DB0D72017EFB8B90063436F /* CarValetTests */ = {
			isa = PBXNativeTarget;
			buildConfigurationList = 5DB0D73517EFB8B90063436F /* Build configuration list for PBXNativeTarget "CarValetTests" */;
			buildPhases = (
				5DB0D71D17EFB8B90063436F /* Sources */,
				5DB0D71E17EFB8B90063436F /* Frameworks */,
				5DB0D71F17EFB8B90063436F /* Resources */,
			);
			buildRules = (
			);
			dependencies = (
				5DB0D72717EFB8B90063436F /* PBXTargetDependency */,
			);
			name = CarValetTests;
			productName = CarValetTests;
			productReference = 5DB0D72117EFB8B90063436F /* CarValetTests.xctest */;
			productType = "com.apple.product-type.bundle.unit-test";
		};
/* End PBXNativeTarget section */

/* Begin PBXProject section */
		5DB0D6F517EFB8B90063436F /* Project object */ = {
			isa = PBXProject;
			attributes = {
				LastUpgradeCheck = 0500;
				ORGANIZATIONNAME = "Learning iOS Development";
				TargetAttributes = {
					5DB0D72017EFB8B90063436F = {
						TestTargetID = 5DB0D6FC17EFB8B90063436F;
					};
				};
			};
			buildConfigurationList = 5DB0D6F817EFB8B90063436F /* Build configuration list for PBXProject "CarValet" */;
			compatibilityVersion = "Xcode 3.2";
			developmentRegion = English;
			hasScannedForEncodings = 0;
			knownRegions = (
				en,
				Base,
				de,
				ar,
			);
			mainGroup = 5DB0D6F417EFB8B90063436F;
			productRefGroup = 5DB0D6FE17EFB8B90063436F /* Products */;
			projectDirPath = "";
			projectRoot = "";
			targets = (
				5DB0D6FC17EFB8B90063436F /* CarValet */,
				5DB0D72017EFB8B90063436F /* CarValetTests */,
			);
		};
/* End PBXProject section */

/* Begin PBXResourcesBuildPhase section */
		5DB0D6FB17EFB8B90063436F /* Resources */ = {
			isa = PBXResourcesBuildPhase;
			buildActionMask = 2147483647;
			files = (
				5D3C093217F2988900CC11EE /* BMW-13.jpg in Resources */,
				5D3C093F17F298B700CC11EE /* CarImageViewController.xib in Resources */,
				5D98DE8217F1482400C46D3A /* Localizable.strings in Resources */,
				5D3C093417F2988900CC11EE /* Car-39.jpg in Resources */,
				5D3C093617F2988900CC11EE /* Mercedes Benz-106.jpg in Resources */,
				5D3C093117F2988900CC11EE /* BMW-11.jpg in Resources */,
				5D3C093717F2988900CC11EE /* Mini-11.jpg in Resources */,
				5DB0D71717EFB8B90063436F /* Main_iPad.storyboard in Resources */,
				5DB0D71C17EFB8B90063436F /* Images.xcassets in Resources */,
				5D3C093317F2988900CC11EE /* Cadillac-13.jpg in Resources */,
				5D3C093A17F2988900CC11EE /* Tractor-1.jpg in Resources */,
				5D3C093817F2988900CC11EE /* Nissan Leaf-4.jpg in Resources */,
				5D3C093517F2988900CC11EE /* Lexus-15.jpg in Resources */,
				5DB0D71417EFB8B90063436F /* Main_iPhone.storyboard in Resources */,
				5DB0D70B17EFB8B90063436F /* InfoPlist.strings in Resources */,
				5D3C093917F2988900CC11EE /* Nissan Maxima-2.jpg in Resources */,
				5D3C093017F2988900CC11EE /* Acura-16.jpg in Resources */,
			);
			runOnlyForDeploymentPostprocessing = 0;
		};
		5DB0D71F17EFB8B90063436F /* Resources */ = {
			isa = PBXResourcesBuildPhase;
			buildActionMask = 2147483647;
			files = (
				5DB0D72D17EFB8B90063436F /* InfoPlist.strings in Resources */,
			);
			runOnlyForDeploymentPostprocessing = 0;
		};
/* End PBXResourcesBuildPhase section */

/* Begin PBXSourcesBuildPhase section */
		5DB0D6F917EFB8B90063436F /* Sources */ = {
			isa = PBXSourcesBuildPhase;
			buildActionMask = 2147483647;
			files = (
				5DB0D71A17EFB8B90063436F /* ViewController.m in Sources */,
				5DB0D71117EFB8B90063436F /* AppDelegate.m in Sources */,
				5DB0D74017EFCD350063436F /* CarEditViewController.m in Sources */,
				5DB0D73A17EFB9730063436F /* Car.m in Sources */,
				5DB0D70D17EFB8B90063436F /* main.m in Sources */,
				5D3C093E17F298B700CC11EE /* CarImageViewController.m in Sources */,
			);
			runOnlyForDeploymentPostprocessing = 0;
		};
		5DB0D71D17EFB8B90063436F /* Sources */ = {
			isa = PBXSourcesBuildPhase;
			buildActionMask = 2147483647;
			files = (
				5DB0D72F17EFB8B90063436F /* CarValetTests.m in Sources */,
			);
			runOnlyForDeploymentPostprocessing = 0;
		};
/* End PBXSourcesBuildPhase section */

/* Begin PBXTargetDependency section */
		5DB0D72717EFB8B90063436F /* PBXTargetDependency */ = {
			isa = PBXTargetDependency;
			target = 5DB0D6FC17EFB8B90063436F /* CarValet */;
			targetProxy = 5DB0D72617EFB8B90063436F /* PBXContainerItemProxy */;
		};
/* End PBXTargetDependency section */

/* Begin PBXVariantGroup section */
		5D98DE8017F1482400C46D3A /* Localizable.strings */ = {
			isa = PBXVariantGroup;
			children = (
				5D98DE8117F1482400C46D3A /* Base */,
				5D0801F317F1E4B500E2FC97 /* de */,
				5D3C092217F2662D00CC11EE /* ar */,
			);
			name = Localizable.strings;
			sourceTree = "<group>";
		};
		5DB0D70917EFB8B90063436F /* InfoPlist.strings */ = {
			isa = PBXVariantGroup;
			children = (
				5DB0D70A17EFB8B90063436F /* en */,
				5D0801F417F1E4EE00E2FC97 /* de */,
				5D3C092317F2662D00CC11EE /* ar */,
			);
			name = InfoPlist.strings;
			sourceTree = "<group>";
		};
		5DB0D71217EFB8B90063436F /* Main_iPhone.storyboard */ = {
			isa = PBXVariantGroup;
			children = (
				5DB0D71317EFB8B90063436F /* Base */,
			);
			name = Main_iPhone.storyboard;
			sourceTree = "<group>";
		};
		5DB0D71517EFB8B90063436F /* Main_iPad.storyboard */ = {
			isa = PBXVariantGroup;
			children = (
				5DB0D71617EFB8B90063436F /* Base */,
			);
			name = Main_iPad.storyboard;
			sourceTree = "<group>";
		};
		5DB0D72B17EFB8B90063436F /* InfoPlist.strings */ = {
			isa = PBXVariantGroup;
			children = (
				5DB0D72C17EFB8B90063436F /* en */,
			);
			name = InfoPlist.strings;
			sourceTree = "<group>";
		};
/* End PBXVariantGroup section */

/* Begin XCBuildConfiguration section */
		5DB0D73017EFB8B90063436F /* Debug */ = {
			isa = XCBuildConfiguration;
			buildSettings = {
				ALWAYS_SEARCH_USER_PATHS = NO;
				ARCHS = "$(ARCHS_STANDARD_INCLUDING_64_BIT)";
				CLANG_CXX_LANGUAGE_STANDARD = "gnu++0x";
				CLANG_CXX_LIBRARY = "libc++";
				CLANG_ENABLE_MODULES = YES;
				CLANG_ENABLE_OBJC_ARC = YES;
				CLANG_WARN_BOOL_CONVERSION = YES;
				CLANG_WARN_CONSTANT_CONVERSION = YES;
				CLANG_WARN_DIRECT_OBJC_ISA_USAGE = YES_ERROR;
				CLANG_WARN_EMPTY_BODY = YES;
				CLANG_WARN_ENUM_CONVERSION = YES;
				CLANG_WARN_INT_CONVERSION = YES;
				CLANG_WARN_OBJC_ROOT_CLASS = YES_ERROR;
				CLANG_WARN__DUPLICATE_METHOD_MATCH = YES;
				"CODE_SIGN_IDENTITY[sdk=iphoneos*]" = "iPhone Developer";
				COPY_PHASE_STRIP = NO;
				GCC_C_LANGUAGE_STANDARD = gnu99;
				GCC_DYNAMIC_NO_PIC = NO;
				GCC_OPTIMIZATION_LEVEL = 0;
				GCC_PREPROCESSOR_DEFINITIONS = (
					"DEBUG=1",
					"$(inherited)",
				);
				GCC_SYMBOLS_PRIVATE_EXTERN = NO;
				GCC_WARN_64_TO_32_BIT_CONVERSION = YES;
				GCC_WARN_ABOUT_RETURN_TYPE = YES_ERROR;
				GCC_WARN_UNDECLARED_SELECTOR = YES;
				GCC_WARN_UNINITIALIZED_AUTOS = YES;
				GCC_WARN_UNUSED_FUNCTION = YES;
				GCC_WARN_UNUSED_VARIABLE = YES;
				IPHONEOS_DEPLOYMENT_TARGET = 7.0;
				ONLY_ACTIVE_ARCH = YES;
				SDKROOT = iphoneos;
				TARGETED_DEVICE_FAMILY = "1,2";
			};
			name = Debug;
		};
		5DB0D73117EFB8B90063436F /* Release */ = {
			isa = XCBuildConfiguration;
			buildSettings = {
				ALWAYS_SEARCH_USER_PATHS = NO;
				ARCHS = "$(ARCHS_STANDARD_INCLUDING_64_BIT)";
				CLANG_CXX_LANGUAGE_STANDARD = "gnu++0x";
				CLANG_CXX_LIBRARY = "libc++";
				CLANG_ENABLE_MODULES = YES;
				CLANG_ENABLE_OBJC_ARC = YES;
				CLANG_WARN_BOOL_CONVERSION = YES;
				CLANG_WARN_CONSTANT_CONVERSION = YES;
				CLANG_WARN_DIRECT_OBJC_ISA_USAGE = YES_ERROR;
				CLANG_WARN_EMPTY_BODY = YES;
				CLANG_WARN_ENUM_CONVERSION = YES;
				CLANG_WARN_INT_CONVERSION = YES;
				CLANG_WARN_OBJC_ROOT_CLASS = YES_ERROR;
				CLANG_WARN__DUPLICATE_METHOD_MATCH = YES;
				"CODE_SIGN_IDENTITY[sdk=iphoneos*]" = "iPhone Developer";
				COPY_PHASE_STRIP = YES;
				ENABLE_NS_ASSERTIONS = NO;
				GCC_C_LANGUAGE_STANDARD = gnu99;
				GCC_WARN_64_TO_32_BIT_CONVERSION = YES;
				GCC_WARN_ABOUT_RETURN_TYPE = YES_ERROR;
				GCC_WARN_UNDECLARED_SELECTOR = YES;
				GCC_WARN_UNINITIALIZED_AUTOS = YES;
				GCC_WARN_UNUSED_FUNCTION = YES;
				GCC_WARN_UNUSED_VARIABLE = YES;
				IPHONEOS_DEPLOYMENT_TARGET = 7.0;
				SDKROOT = iphoneos;
				TARGETED_DEVICE_FAMILY = "1,2";
				VALIDATE_PRODUCT = YES;
			};
			name = Release;
		};
		5DB0D73317EFB8B90063436F /* Debug */ = {
			isa = XCBuildConfiguration;
			buildSettings = {
				ASSETCATALOG_COMPILER_APPICON_NAME = AppIcon;
				ASSETCATALOG_COMPILER_LAUNCHIMAGE_NAME = LaunchImage;
				GCC_PRECOMPILE_PREFIX_HEADER = YES;
				GCC_PREFIX_HEADER = "CarValet/CarValet-Prefix.pch";
				INFOPLIST_FILE = "CarValet/CarValet-Info.plist";
				PRODUCT_NAME = "$(TARGET_NAME)";
				WRAPPER_EXTENSION = app;
			};
			name = Debug;
		};
		5DB0D73417EFB8B90063436F /* Release */ = {
			isa = XCBuildConfiguration;
			buildSettings = {
				ASSETCATALOG_COMPILER_APPICON_NAME = AppIcon;
				ASSETCATALOG_COMPILER_LAUNCHIMAGE_NAME = LaunchImage;
				GCC_PRECOMPILE_PREFIX_HEADER = YES;
				GCC_PREFIX_HEADER = "CarValet/CarValet-Prefix.pch";
				INFOPLIST_FILE = "CarValet/CarValet-Info.plist";
				PRODUCT_NAME = "$(TARGET_NAME)";
				WRAPPER_EXTENSION = app;
			};
			name = Release;
		};
		5DB0D73617EFB8B90063436F /* Debug */ = {
			isa = XCBuildConfiguration;
			buildSettings = {
				ARCHS = "$(ARCHS_STANDARD_INCLUDING_64_BIT)";
				BUNDLE_LOADER = "$(BUILT_PRODUCTS_DIR)/CarValet.app/CarValet";
				FRAMEWORK_SEARCH_PATHS = (
					"$(SDKROOT)/Developer/Library/Frameworks",
					"$(inherited)",
					"$(DEVELOPER_FRAMEWORKS_DIR)",
				);
				GCC_PRECOMPILE_PREFIX_HEADER = YES;
				GCC_PREFIX_HEADER = "CarValet/CarValet-Prefix.pch";
				GCC_PREPROCESSOR_DEFINITIONS = (
					"DEBUG=1",
					"$(inherited)",
				);
				INFOPLIST_FILE = "CarValetTests/CarValetTests-Info.plist";
				PRODUCT_NAME = "$(TARGET_NAME)";
				TEST_HOST = "$(BUNDLE_LOADER)";
				WRAPPER_EXTENSION = xctest;
			};
			name = Debug;
		};
		5DB0D73717EFB8B90063436F /* Release */ = {
			isa = XCBuildConfiguration;
			buildSettings = {
				ARCHS = "$(ARCHS_STANDARD_INCLUDING_64_BIT)";
				BUNDLE_LOADER = "$(BUILT_PRODUCTS_DIR)/CarValet.app/CarValet";
				FRAMEWORK_SEARCH_PATHS = (
					"$(SDKROOT)/Developer/Library/Frameworks",
					"$(inherited)",
					"$(DEVELOPER_FRAMEWORKS_DIR)",
				);
				GCC_PRECOMPILE_PREFIX_HEADER = YES;
				GCC_PREFIX_HEADER = "CarValet/CarValet-Prefix.pch";
				INFOPLIST_FILE = "CarValetTests/CarValetTests-Info.plist";
				PRODUCT_NAME = "$(TARGET_NAME)";
				TEST_HOST = "$(BUNDLE_LOADER)";
				WRAPPER_EXTENSION = xctest;
			};
			name = Release;
		};
/* End XCBuildConfiguration section */

/* Begin XCConfigurationList section */
		5DB0D6F817EFB8B90063436F /* Build configuration list for PBXProject "CarValet" */ = {
			isa = XCConfigurationList;
			buildConfigurations = (
				5DB0D73017EFB8B90063436F /* Debug */,
				5DB0D73117EFB8B90063436F /* Release */,
			);
			defaultConfigurationIsVisible = 0;
			defaultConfigurationName = Release;
		};
		5DB0D73217EFB8B90063436F /* Build configuration list for PBXNativeTarget "CarValet" */ = {
			isa = XCConfigurationList;
			buildConfigurations = (
				5DB0D73317EFB8B90063436F /* Debug */,
				5DB0D73417EFB8B90063436F /* Release */,
			);
			defaultConfigurationIsVisible = 0;
			defaultConfigurationName = Release;
		};
		5DB0D73517EFB8B90063436F /* Build configuration list for PBXNativeTarget "CarValetTests" */ = {
			isa = XCConfigurationList;
			buildConfigurations = (
				5DB0D73617EFB8B90063436F /* Debug */,
				5DB0D73717EFB8B90063436F /* Release */,
			);
			defaultConfigurationIsVisible = 0;
			defaultConfigurationName = Release;
		};
/* End XCConfigurationList section */
	};
	rootObject = 5DB0D6F517EFB8B90063436F /* Project object */;
}
